
Microsoft Visual Studio Solution File, Format Version 12.00
# Visual Studio 2013
VisualStudioVersion = 12.0.21005.1
MinimumVisualStudioVersion = 10.0.40219.1
Project("{FAE04EC0-301F-11D3-BF4B-00C04F79EFBC}") = "PooP.Core", "PooP.Core\PooP.Core.csproj", "{2035FD77-0548-40AD-AC8D-42D610DB4048}"
EndProject
Project("{FAE04EC0-301F-11D3-BF4B-00C04F79EFBC}") = "PooP.GUI", "PooP.GUI\PooP.GUI.csproj", "{50E18684-ADB1-40D3-9DFE-EA1717516171}"
	ProjectSection(ProjectDependencies) = postProject
		{2035FD77-0548-40AD-AC8D-42D610DB4048} = {2035FD77-0548-40AD-AC8D-42D610DB4048}
	EndProjectSection
EndProject
Project("{8BC9CEB8-8B4A-11D0-8D11-00A0C91BC942}") = "PooP.NativeLib", "PooP.NativeLib\libCPPP.vcxproj", "{81E670FE-8518-4C71-B28D-D3D6AC90C790}"
EndProject
Project("{F088123C-0E9E-452A-89E6-6BA2F21D5CAC}") = "PooP.UML1", "PooP.UML2\PooP.UML1.modelproj", "{83BF89A6-978B-4F2A-A63C-1369422537FF}"
EndProject
Project("{F088123C-0E9E-452A-89E6-6BA2F21D5CAC}") = "PooP.UML2", "PooP.UML2\PooP.UML2.modelproj", "{32EB2FE7-6B28-4B4A-A451-541622C98A91}"
EndProject
Project("{FAE04EC0-301F-11D3-BF4B-00C04F79EFBC}") = "PooP.Test", "PooP.Test\PooP.Test.csproj", "{9EAB1619-E9CF-4217-BEDA-F18254A1B293}"
	ProjectSection(ProjectDependencies) = postProject
		{81E670FE-8518-4C71-B28D-D3D6AC90C790} = {81E670FE-8518-4C71-B28D-D3D6AC90C790}
	EndProjectSection
EndProject
Project("{8BC9CEB8-8B4A-11D0-8D11-00A0C91BC942}") = "PooP.NativeLib.Test", "PooP.NativeLib.Test\PooP.NativeLib.Test.vcxproj", "{497CB2A4-C89B-4AB7-9954-4F72817188FD}"
EndProject
Global
	GlobalSection(SolutionConfigurationPlatforms) = preSolution
		Debug|Any CPU = Debug|Any CPU
		Debug|Mixed Platforms = Debug|Mixed Platforms
		Debug|Win32 = Debug|Win32
		Release|Any CPU = Release|Any CPU
		Release|Mixed Platforms = Release|Mixed Platforms
		Release|Win32 = Release|Win32
	EndGlobalSection
	GlobalSection(ProjectConfigurationPlatforms) = postSolution
		{2035FD77-0548-40AD-AC8D-42D610DB4048}.Debug|Any CPU.ActiveCfg = Debug|Any CPU
		{2035FD77-0548-40AD-AC8D-42D610DB4048}.Debug|Any CPU.Build.0 = Debug|Any CPU
		{2035FD77-0548-40AD-AC8D-42D610DB4048}.Debug|Mixed Platforms.ActiveCfg = Debug|Any CPU
		{2035FD77-0548-40AD-AC8D-42D610DB4048}.Debug|Mixed Platforms.Build.0 = Debug|Any CPU
		{2035FD77-0548-40AD-AC8D-42D610DB4048}.Debug|Win32.ActiveCfg = Debug|Any CPU
		{2035FD77-0548-40AD-AC8D-42D610DB4048}.Release|Any CPU.ActiveCfg = Release|Any CPU
		{2035FD77-0548-40AD-AC8D-42D610DB4048}.Release|Any CPU.Build.0 = Release|Any CPU
		{2035FD77-0548-40AD-AC8D-42D610DB4048}.Release|Mixed Platforms.ActiveCfg = Release|Any CPU
		{2035FD77-0548-40AD-AC8D-42D610DB4048}.Release|Mixed Platforms.Build.0 = Release|Any CPU
		{2035FD77-0548-40AD-AC8D-42D610DB4048}.Release|Win32.ActiveCfg = Release|Any CPU
		{50E18684-ADB1-40D3-9DFE-EA1717516171}.Debug|Any CPU.ActiveCfg = Debug|Any CPU
		{50E18684-ADB1-40D3-9DFE-EA1717516171}.Debug|Any CPU.Build.0 = Debug|Any CPU
		{50E18684-ADB1-40D3-9DFE-EA1717516171}.Debug|Mixed Platforms.ActiveCfg = Debug|Any CPU
		{50E18684-ADB1-40D3-9DFE-EA1717516171}.Debug|Mixed Platforms.Build.0 = Debug|Any CPU
		{50E18684-ADB1-40D3-9DFE-EA1717516171}.Debug|Win32.ActiveCfg = Debug|Any CPU
		{50E18684-ADB1-40D3-9DFE-EA1717516171}.Release|Any CPU.ActiveCfg = Release|Any CPU
		{50E18684-ADB1-40D3-9DFE-EA1717516171}.Release|Any CPU.Build.0 = Release|Any CPU
		{50E18684-ADB1-40D3-9DFE-EA1717516171}.Release|Mixed Platforms.ActiveCfg = Release|Any CPU
		{50E18684-ADB1-40D3-9DFE-EA1717516171}.Release|Mixed Platforms.Build.0 = Release|Any CPU
		{50E18684-ADB1-40D3-9DFE-EA1717516171}.Release|Win32.ActiveCfg = Release|Any CPU
		{81E670FE-8518-4C71-B28D-D3D6AC90C790}.Debug|Any CPU.ActiveCfg = Debug|Win32
		{81E670FE-8518-4C71-B28D-D3D6AC90C790}.Debug|Mixed Platforms.ActiveCfg = Debug|Win32
		{81E670FE-8518-4C71-B28D-D3D6AC90C790}.Debug|Mixed Platforms.Build.0 = Debug|Win32
		{81E670FE-8518-4C71-B28D-D3D6AC90C790}.Debug|Win32.ActiveCfg = Debug|Win32
		{81E670FE-8518-4C71-B28D-D3D6AC90C790}.Debug|Win32.Build.0 = Debug|Win32
		{81E670FE-8518-4C71-B28D-D3D6AC90C790}.Release|Any CPU.ActiveCfg = Release|Win32
		{81E670FE-8518-4C71-B28D-D3D6AC90C790}.Release|Mixed Platforms.ActiveCfg = Release|Win32
		{81E670FE-8518-4C71-B28D-D3D6AC90C790}.Release|Mixed Platforms.Build.0 = Release|Win32
		{81E670FE-8518-4C71-B28D-D3D6AC90C790}.Release|Win32.ActiveCfg = Release|Win32
		{81E670FE-8518-4C71-B28D-D3D6AC90C790}.Release|Win32.Build.0 = Release|Win32
		{83BF89A6-978B-4F2A-A63C-1369422537FF}.Debug|Any CPU.ActiveCfg = Debug|Any CPU
		{83BF89A6-978B-4F2A-A63C-1369422537FF}.Debug|Any CPU.Build.0 = Debug|Any CPU
		{83BF89A6-978B-4F2A-A63C-1369422537FF}.Debug|Mixed Platforms.ActiveCfg = Debug|Any CPU
		{83BF89A6-978B-4F2A-A63C-1369422537FF}.Debug|Mixed Platforms.Build.0 = Debug|Any CPU
		{83BF89A6-978B-4F2A-A63C-1369422537FF}.Debug|Win32.ActiveCfg = Debug|Any CPU
		{83BF89A6-978B-4F2A-A63C-1369422537FF}.Release|Any CPU.ActiveCfg = Release|Any CPU
		{83BF89A6-978B-4F2A-A63C-1369422537FF}.Release|Any CPU.Build.0 = Release|Any CPU
		{83BF89A6-978B-4F2A-A63C-1369422537FF}.Release|Mixed Platforms.ActiveCfg = Release|Any CPU
		{83BF89A6-978B-4F2A-A63C-1369422537FF}.Release|Mixed Platforms.Build.0 = Release|Any CPU
		{83BF89A6-978B-4F2A-A63C-1369422537FF}.Release|Win32.ActiveCfg = Release|Any CPU
		{32EB2FE7-6B28-4B4A-A451-541622C98A91}.Debug|Any CPU.ActiveCfg = Debug|Any CPU
		{32EB2FE7-6B28-4B4A-A451-541622C98A91}.Debug|Any CPU.Build.0 = Debug|Any CPU
		{32EB2FE7-6B28-4B4A-A451-541622C98A91}.Debug|Mixed Platforms.ActiveCfg = Debug|Any CPU
		{32EB2FE7-6B28-4B4A-A451-541622C98A91}.Debug|Mixed Platforms.Build.0 = Debug|Any CPU
		{32EB2FE7-6B28-4B4A-A451-541622C98A91}.Debug|Win32.ActiveCfg = Debug|Any CPU
		{32EB2FE7-6B28-4B4A-A451-541622C98A91}.Release|Any CPU.ActiveCfg = Release|Any CPU
		{32EB2FE7-6B28-4B4A-A451-541622C98A91}.Release|Any CPU.Build.0 = Release|Any CPU
		{32EB2FE7-6B28-4B4A-A451-541622C98A91}.Release|Mixed Platforms.ActiveCfg = Release|Any CPU
		{32EB2FE7-6B28-4B4A-A451-541622C98A91}.Release|Mixed Platforms.Build.0 = Release|Any CPU
		{32EB2FE7-6B28-4B4A-A451-541622C98A91}.Release|Win32.ActiveCfg = Release|Any CPU
		{9EAB1619-E9CF-4217-BEDA-F18254A1B293}.Debug|Any CPU.ActiveCfg = Debug|Any CPU
		{9EAB1619-E9CF-4217-BEDA-F18254A1B293}.Debug|Any CPU.Build.0 = Debug|Any CPU
		{9EAB1619-E9CF-4217-BEDA-F18254A1B293}.Debug|Mixed Platforms.ActiveCfg = Debug|Any CPU
		{9EAB1619-E9CF-4217-BEDA-F18254A1B293}.Debug|Mixed Platforms.Build.0 = Debug|Any CPU
		{9EAB1619-E9CF-4217-BEDA-F18254A1B293}.Debug|Win32.ActiveCfg = Debug|Any CPU
		{9EAB1619-E9CF-4217-BEDA-F18254A1B293}.Release|Any CPU.ActiveCfg = Release|Any CPU
		{9EAB1619-E9CF-4217-BEDA-F18254A1B293}.Release|Any CPU.Build.0 = Release|Any CPU
		{9EAB1619-E9CF-4217-BEDA-F18254A1B293}.Release|Mixed Platforms.ActiveCfg = Release|Any CPU
		{9EAB1619-E9CF-4217-BEDA-F18254A1B293}.Release|Mixed Platforms.Build.0 = Release|Any CPU
		{9EAB1619-E9CF-4217-BEDA-F18254A1B293}.Release|Win32.ActiveCfg = Release|Any CPU
		{497CB2A4-C89B-4AB7-9954-4F72817188FD}.Debug|Any CPU.ActiveCfg = Debug|Win32
		{497CB2A4-C89B-4AB7-9954-4F72817188FD}.Debug|Mixed Platforms.ActiveCfg = Debug|Win32
		{497CB2A4-C89B-4AB7-9954-4F72817188FD}.Debug|Mixed Platforms.Build.0 = Debug|Win32
		{497CB2A4-C89B-4AB7-9954-4F72817188FD}.Debug|Win32.ActiveCfg = Debug|Win32
		{497CB2A4-C89B-4AB7-9954-4F72817188FD}.Debug|Win32.Build.0 = Debug|Win32
		{497CB2A4-C89B-4AB7-9954-4F72817188FD}.Release|Any CPU.ActiveCfg = Release|Win32
		{497CB2A4-C89B-4AB7-9954-4F72817188FD}.Release|Mixed Platforms.ActiveCfg = Release|Win32
		{497CB2A4-C89B-4AB7-9954-4F72817188FD}.Release|Mixed Platforms.Build.0 = Release|Win32
		{497CB2A4-C89B-4AB7-9954-4F72817188FD}.Release|Win32.ActiveCfg = Release|Win32
		{497CB2A4-C89B-4AB7-9954-4F72817188FD}.Release|Win32.Build.0 = Release|Win32
	EndGlobalSection
	GlobalSection(SolutionProperties) = preSolution
		HideSolutionNode = FALSE
	EndGlobalSection
EndGlobal
